// !$*UTF8*$!
{
	archiveVersion = 1;
	classes = {
	};
	objectVersion = 48;
	objects = {

/* Begin PBXBuildFile section */
		0C088AB120A7656C00C77DFB /* DefaultButtonsTableViewCell.swift in Sources */ = {isa = PBXBuildFile; fileRef = 0C088AB020A7656C00C77DFB /* DefaultButtonsTableViewCell.swift */; };
		0CB09A6D20A7353900996663 /* Config.swift in Sources */ = {isa = PBXBuildFile; fileRef = 0CB09A6C20A7353900996663 /* Config.swift */; };
		0CB09A7020A736CC00996663 /* ConfigViewController.swift in Sources */ = {isa = PBXBuildFile; fileRef = 0CB09A6E20A736CC00996663 /* ConfigViewController.swift */; };
		0CB09A7320A738B100996663 /* ConfigDataSource.swift in Sources */ = {isa = PBXBuildFile; fileRef = 0CB09A7220A738B100996663 /* ConfigDataSource.swift */; };
		0CB09A7520A738DF00996663 /* Config.storyboard in Resources */ = {isa = PBXBuildFile; fileRef = 0CB09A7420A738DF00996663 /* Config.storyboard */; };
		0CB09A7720A73BC400996663 /* ColorSelectionTableViewCell.swift in Sources */ = {isa = PBXBuildFile; fileRef = 0CB09A7620A73BC400996663 /* ColorSelectionTableViewCell.swift */; };
		0CB09A7920A73BCB00996663 /* SingleSliderTableViewCell.swift in Sources */ = {isa = PBXBuildFile; fileRef = 0CB09A7820A73BCB00996663 /* SingleSliderTableViewCell.swift */; };
		0CB09A7B20A73D0800996663 /* ConfigHeaderLabel.swift in Sources */ = {isa = PBXBuildFile; fileRef = 0CB09A7A20A73D0800996663 /* ConfigHeaderLabel.swift */; };
		0CB09A7D20A73D7700996663 /* SliderConfig.swift in Sources */ = {isa = PBXBuildFile; fileRef = 0CB09A7C20A73D7700996663 /* SliderConfig.swift */; };
		0CB09A8020A7519700996663 /* UIColor+Components.swift in Sources */ = {isa = PBXBuildFile; fileRef = 0CB09A7F20A7519700996663 /* UIColor+Components.swift */; };
		0CB09A8220A75B7000996663 /* Float+RoundTo.swift in Sources */ = {isa = PBXBuildFile; fileRef = 0CB09A8120A75B7000996663 /* Float+RoundTo.swift */; };
		0CB09A8520A75D3F00996663 /* Defaults.swift in Sources */ = {isa = PBXBuildFile; fileRef = 0CB09A8420A75D3F00996663 /* Defaults.swift */; };
		9B265AE82087AAB100DB540B /* AppDelegate.swift in Sources */ = {isa = PBXBuildFile; fileRef = 9B265AE72087AAB100DB540B /* AppDelegate.swift */; };
		9B265AEA2087AAB100DB540B /* AsteroidViewController.swift in Sources */ = {isa = PBXBuildFile; fileRef = 9B265AE92087AAB100DB540B /* AsteroidViewController.swift */; };
		9B265AED2087AAB100DB540B /* Asteroids.storyboard in Resources */ = {isa = PBXBuildFile; fileRef = 9B265AEB2087AAB100DB540B /* Asteroids.storyboard */; };
		9B265AEF2087AAB100DB540B /* Assets.xcassets in Resources */ = {isa = PBXBuildFile; fileRef = 9B265AEE2087AAB100DB540B /* Assets.xcassets */; };
		9B265AF22087AAB100DB540B /* LaunchScreen.storyboard in Resources */ = {isa = PBXBuildFile; fileRef = 9B265AF02087AAB100DB540B /* LaunchScreen.storyboard */; };
		9B265AFA2087AAC500DB540B /* AsteroidGenerator.swift in Sources */ = {isa = PBXBuildFile; fileRef = 9B265AF92087AAC500DB540B /* AsteroidGenerator.swift */; };
		9B265AFC2087AACB00DB540B /* AsteroidAnimator.swift in Sources */ = {isa = PBXBuildFile; fileRef = 9B265AFB2087AACB00DB540B /* AsteroidAnimator.swift */; };
		9B265B002087AD8700DB540B /* AsteroidView.swift in Sources */ = {isa = PBXBuildFile; fileRef = 9B265AFF2087AD8700DB540B /* AsteroidView.swift */; };
		9B265B022087DB0E00DB540B /* RefreshTimer.swift in Sources */ = {isa = PBXBuildFile; fileRef = 9B265B012087DB0E00DB540B /* RefreshTimer.swift */; };
		9BBE067220892EE20077AE87 /* ScreenConstants.swift in Sources */ = {isa = PBXBuildFile; fileRef = 9BBE067120892EE20077AE87 /* ScreenConstants.swift */; };
/* End PBXBuildFile section */

/* Begin PBXFileReference section */
		0C088AB020A7656C00C77DFB /* DefaultButtonsTableViewCell.swift */ = {isa = PBXFileReference; lastKnownFileType = sourcecode.swift; path = DefaultButtonsTableViewCell.swift; sourceTree = "<group>"; };
		0CB09A6C20A7353900996663 /* Config.swift */ = {isa = PBXFileReference; lastKnownFileType = sourcecode.swift; path = Config.swift; sourceTree = "<group>"; };
		0CB09A6E20A736CC00996663 /* ConfigViewController.swift */ = {isa = PBXFileReference; lastKnownFileType = sourcecode.swift; path = ConfigViewController.swift; sourceTree = "<group>"; };
		0CB09A7220A738B100996663 /* ConfigDataSource.swift */ = {isa = PBXFileReference; lastKnownFileType = sourcecode.swift; path = ConfigDataSource.swift; sourceTree = "<group>"; };
		0CB09A7420A738DF00996663 /* Config.storyboard */ = {isa = PBXFileReference; lastKnownFileType = file.storyboard; path = Config.storyboard; sourceTree = "<group>"; };
		0CB09A7620A73BC400996663 /* ColorSelectionTableViewCell.swift */ = {isa = PBXFileReference; lastKnownFileType = sourcecode.swift; path = ColorSelectionTableViewCell.swift; sourceTree = "<group>"; };
		0CB09A7820A73BCB00996663 /* SingleSliderTableViewCell.swift */ = {isa = PBXFileReference; lastKnownFileType = sourcecode.swift; path = SingleSliderTableViewCell.swift; sourceTree = "<group>"; };
		0CB09A7A20A73D0800996663 /* ConfigHeaderLabel.swift */ = {isa = PBXFileReference; lastKnownFileType = sourcecode.swift; path = ConfigHeaderLabel.swift; sourceTree = "<group>"; };
		0CB09A7C20A73D7700996663 /* SliderConfig.swift */ = {isa = PBXFileReference; lastKnownFileType = sourcecode.swift; path = SliderConfig.swift; sourceTree = "<group>"; };
		0CB09A7F20A7519700996663 /* UIColor+Components.swift */ = {isa = PBXFileReference; lastKnownFileType = sourcecode.swift; path = "UIColor+Components.swift"; sourceTree = "<group>"; };
		0CB09A8120A75B7000996663 /* Float+RoundTo.swift */ = {isa = PBXFileReference; lastKnownFileType = sourcecode.swift; path = "Float+RoundTo.swift"; sourceTree = "<group>"; };
		0CB09A8420A75D3F00996663 /* Defaults.swift */ = {isa = PBXFileReference; lastKnownFileType = sourcecode.swift; path = Defaults.swift; sourceTree = "<group>"; };
		9B265AE42087AAB100DB540B /* SpaceTravel.app */ = {isa = PBXFileReference; explicitFileType = wrapper.application; includeInIndex = 0; path = SpaceTravel.app; sourceTree = BUILT_PRODUCTS_DIR; };
		9B265AE72087AAB100DB540B /* AppDelegate.swift */ = {isa = PBXFileReference; lastKnownFileType = sourcecode.swift; path = AppDelegate.swift; sourceTree = "<group>"; };
		9B265AE92087AAB100DB540B /* AsteroidViewController.swift */ = {isa = PBXFileReference; lastKnownFileType = sourcecode.swift; path = AsteroidViewController.swift; sourceTree = "<group>"; };
		9B265AEC2087AAB100DB540B /* Base */ = {isa = PBXFileReference; lastKnownFileType = file.storyboard; name = Base; path = Base.lproj/Asteroids.storyboard; sourceTree = "<group>"; };
		9B265AEE2087AAB100DB540B /* Assets.xcassets */ = {isa = PBXFileReference; lastKnownFileType = folder.assetcatalog; path = Assets.xcassets; sourceTree = "<group>"; };
		9B265AF12087AAB100DB540B /* Base */ = {isa = PBXFileReference; lastKnownFileType = file.storyboard; name = Base; path = Base.lproj/LaunchScreen.storyboard; sourceTree = "<group>"; };
		9B265AF32087AAB100DB540B /* Info.plist */ = {isa = PBXFileReference; lastKnownFileType = text.plist.xml; path = Info.plist; sourceTree = "<group>"; };
		9B265AF92087AAC500DB540B /* AsteroidGenerator.swift */ = {isa = PBXFileReference; lastKnownFileType = sourcecode.swift; path = AsteroidGenerator.swift; sourceTree = "<group>"; };
		9B265AFB2087AACB00DB540B /* AsteroidAnimator.swift */ = {isa = PBXFileReference; lastKnownFileType = sourcecode.swift; path = AsteroidAnimator.swift; sourceTree = "<group>"; };
		9B265AFF2087AD8700DB540B /* AsteroidView.swift */ = {isa = PBXFileReference; lastKnownFileType = sourcecode.swift; path = AsteroidView.swift; sourceTree = "<group>"; };
		9B265B012087DB0E00DB540B /* RefreshTimer.swift */ = {isa = PBXFileReference; lastKnownFileType = sourcecode.swift; path = RefreshTimer.swift; sourceTree = "<group>"; };
		9BBE067120892EE20077AE87 /* ScreenConstants.swift */ = {isa = PBXFileReference; lastKnownFileType = sourcecode.swift; path = ScreenConstants.swift; sourceTree = "<group>"; };
/* End PBXFileReference section */

/* Begin PBXFrameworksBuildPhase section */
		9B265AE12087AAB100DB540B /* Frameworks */ = {
			isa = PBXFrameworksBuildPhase;
			buildActionMask = 2147483647;
			files = (
			);
			runOnlyForDeploymentPostprocessing = 0;
		};
/* End PBXFrameworksBuildPhase section */

/* Begin PBXGroup section */
		0C76A419208D0F3100F334C0 /* Asteroid Group */ = {
			isa = PBXGroup;
			children = (
				9B265AEB2087AAB100DB540B /* Asteroids.storyboard */,
				9B265AE92087AAB100DB540B /* AsteroidViewController.swift */,
				9B265AF92087AAC500DB540B /* AsteroidGenerator.swift */,
				9B265AFF2087AD8700DB540B /* AsteroidView.swift */,
				9B265AFB2087AACB00DB540B /* AsteroidAnimator.swift */,
			);
			path = "Asteroid Group";
			sourceTree = "<group>";
		};
		0C76A41A208D0F4100F334C0 /* Utility */ = {
			isa = PBXGroup;
			children = (
				9B265B012087DB0E00DB540B /* RefreshTimer.swift */,
				9BBE067120892EE20077AE87 /* ScreenConstants.swift */,
				0CB09A7F20A7519700996663 /* UIColor+Components.swift */,
				0CB09A8120A75B7000996663 /* Float+RoundTo.swift */,
				0CB09A8420A75D3F00996663 /* Defaults.swift */,
			);
			path = Utility;
			sourceTree = "<group>";
		};
		0CB09A6B20A7351A00996663 /* Configuration */ = {
			isa = PBXGroup;
			children = (
				0CB09A7E20A74A0500996663 /* UILayer */,
				0CB09A7C20A73D7700996663 /* SliderConfig.swift */,
				0CB09A6C20A7353900996663 /* Config.swift */,
			);
			path = Configuration;
			sourceTree = "<group>";
		};
		0CB09A7E20A74A0500996663 /* UILayer */ = {
			isa = PBXGroup;
			children = (
				0CB09A7420A738DF00996663 /* Config.storyboard */,
				0C088AB020A7656C00C77DFB /* DefaultButtonsTableViewCell.swift */,
				0CB09A6E20A736CC00996663 /* ConfigViewController.swift */,
				0CB09A7620A73BC400996663 /* ColorSelectionTableViewCell.swift */,
				0CB09A7220A738B100996663 /* ConfigDataSource.swift */,
				0CB09A7A20A73D0800996663 /* ConfigHeaderLabel.swift */,
				0CB09A7820A73BCB00996663 /* SingleSliderTableViewCell.swift */,
			);
			path = UILayer;
			sourceTree = "<group>";
		};
		9B265ADB2087AAB100DB540B = {
			isa = PBXGroup;
			children = (
				9B265AE62087AAB100DB540B /* SpaceTravel */,
				9B265AE52087AAB100DB540B /* Products */,
			);
			sourceTree = "<group>";
		};
		9B265AE52087AAB100DB540B /* Products */ = {
			isa = PBXGroup;
			children = (
				9B265AE42087AAB100DB540B /* SpaceTravel.app */,
			);
			name = Products;
			sourceTree = "<group>";
		};
		9B265AE62087AAB100DB540B /* SpaceTravel */ = {
			isa = PBXGroup;
			children = (
				9B265AE72087AAB100DB540B /* AppDelegate.swift */,
				9B265AEE2087AAB100DB540B /* Assets.xcassets */,
				0C76A419208D0F3100F334C0 /* Asteroid Group */,
				0CB09A6B20A7351A00996663 /* Configuration */,
				9B265AF32087AAB100DB540B /* Info.plist */,
				9B265AF02087AAB100DB540B /* LaunchScreen.storyboard */,
				0C76A41A208D0F4100F334C0 /* Utility */,
			);
			path = SpaceTravel;
			sourceTree = "<group>";
		};
/* End PBXGroup section */

/* Begin PBXNativeTarget section */
		9B265AE32087AAB100DB540B /* SpaceTravel */ = {
			isa = PBXNativeTarget;
			buildConfigurationList = 9B265AF62087AAB100DB540B /* Build configuration list for PBXNativeTarget "SpaceTravel" */;
			buildPhases = (
				9B265AE02087AAB100DB540B /* Sources */,
				9B265AE12087AAB100DB540B /* Frameworks */,
				9B265AE22087AAB100DB540B /* Resources */,
			);
			buildRules = (
			);
			dependencies = (
			);
			name = SpaceTravel;
			productName = SpaceTravel;
			productReference = 9B265AE42087AAB100DB540B /* SpaceTravel.app */;
			productType = "com.apple.product-type.application";
		};
/* End PBXNativeTarget section */

/* Begin PBXProject section */
		9B265ADC2087AAB100DB540B /* Project object */ = {
			isa = PBXProject;
			attributes = {
				LastSwiftUpdateCheck = 0920;
				LastUpgradeCheck = 0930;
				ORGANIZATIONNAME = Erdos;
				TargetAttributes = {
					9B265AE32087AAB100DB540B = {
						CreatedOnToolsVersion = 9.2;
						ProvisioningStyle = Automatic;
					};
				};
			};
			buildConfigurationList = 9B265ADF2087AAB100DB540B /* Build configuration list for PBXProject "SpaceTravel" */;
			compatibilityVersion = "Xcode 8.0";
			developmentRegion = en;
			hasScannedForEncodings = 0;
			knownRegions = (
				en,
				Base,
			);
			mainGroup = 9B265ADB2087AAB100DB540B;
			productRefGroup = 9B265AE52087AAB100DB540B /* Products */;
			projectDirPath = "";
			projectRoot = "";
			targets = (
				9B265AE32087AAB100DB540B /* SpaceTravel */,
			);
		};
/* End PBXProject section */

/* Begin PBXResourcesBuildPhase section */
		9B265AE22087AAB100DB540B /* Resources */ = {
			isa = PBXResourcesBuildPhase;
			buildActionMask = 2147483647;
			files = (
				9B265AF22087AAB100DB540B /* LaunchScreen.storyboard in Resources */,
				9B265AEF2087AAB100DB540B /* Assets.xcassets in Resources */,
				0CB09A7520A738DF00996663 /* Config.storyboard in Resources */,
				9B265AED2087AAB100DB540B /* Asteroids.storyboard in Resources */,
			);
			runOnlyForDeploymentPostprocessing = 0;
		};
/* End PBXResourcesBuildPhase section */

/* Begin PBXSourcesBuildPhase section */
		9B265AE02087AAB100DB540B /* Sources */ = {
			isa = PBXSourcesBuildPhase;
			buildActionMask = 2147483647;
			files = (
				9B265AEA2087AAB100DB540B /* AsteroidViewController.swift in Sources */,
				9B265AE82087AAB100DB540B /* AppDelegate.swift in Sources */,
				9B265AFA2087AAC500DB540B /* AsteroidGenerator.swift in Sources */,
				9B265AFC2087AACB00DB540B /* AsteroidAnimator.swift in Sources */,
				9BBE067220892EE20077AE87 /* ScreenConstants.swift in Sources */,
				0CB09A6D20A7353900996663 /* Config.swift in Sources */,
				0CB09A7B20A73D0800996663 /* ConfigHeaderLabel.swift in Sources */,
				0CB09A7320A738B100996663 /* ConfigDataSource.swift in Sources */,
				0CB09A8020A7519700996663 /* UIColor+Components.swift in Sources */,
				0CB09A7D20A73D7700996663 /* SliderConfig.swift in Sources */,
				0C088AB120A7656C00C77DFB /* DefaultButtonsTableViewCell.swift in Sources */,
				0CB09A8220A75B7000996663 /* Float+RoundTo.swift in Sources */,
				0CB09A8520A75D3F00996663 /* Defaults.swift in Sources */,
				0CB09A7720A73BC400996663 /* ColorSelectionTableViewCell.swift in Sources */,
				9B265B002087AD8700DB540B /* AsteroidView.swift in Sources */,
				9B265B022087DB0E00DB540B /* RefreshTimer.swift in Sources */,
				0CB09A7920A73BCB00996663 /* SingleSliderTableViewCell.swift in Sources */,
				0CB09A7020A736CC00996663 /* ConfigViewController.swift in Sources */,
			);
			runOnlyForDeploymentPostprocessing = 0;
		};
/* End PBXSourcesBuildPhase section */

/* Begin PBXVariantGroup section */
		9B265AEB2087AAB100DB540B /* Asteroids.storyboard */ = {
			isa = PBXVariantGroup;
			children = (
				9B265AEC2087AAB100DB540B /* Base */,
			);
			name = Asteroids.storyboard;
			sourceTree = "<group>";
		};
		9B265AF02087AAB100DB540B /* LaunchScreen.storyboard */ = {
			isa = PBXVariantGroup;
			children = (
				9B265AF12087AAB100DB540B /* Base */,
			);
			name = LaunchScreen.storyboard;
			sourceTree = "<group>";
		};
/* End PBXVariantGroup section */

/* Begin XCBuildConfiguration section */
		9B265AF42087AAB100DB540B /* Debug */ = {
			isa = XCBuildConfiguration;
			buildSettings = {
				ALWAYS_SEARCH_USER_PATHS = NO;
				CLANG_ANALYZER_NONNULL = YES;
				CLANG_ANALYZER_NUMBER_OBJECT_CONVERSION = YES_AGGRESSIVE;
				CLANG_CXX_LANGUAGE_STANDARD = "gnu++14";
				CLANG_CXX_LIBRARY = "libc++";
				CLANG_ENABLE_MODULES = YES;
				CLANG_ENABLE_OBJC_ARC = YES;
				CLANG_WARN_BLOCK_CAPTURE_AUTORELEASING = YES;
				CLANG_WARN_BOOL_CONVERSION = YES;
				CLANG_WARN_COMMA = YES;
				CLANG_WARN_CONSTANT_CONVERSION = YES;
				CLANG_WARN_DEPRECATED_OBJC_IMPLEMENTATIONS = YES;
				CLANG_WARN_DIRECT_OBJC_ISA_USAGE = YES_ERROR;
				CLANG_WARN_DOCUMENTATION_COMMENTS = YES;
				CLANG_WARN_EMPTY_BODY = YES;
				CLANG_WARN_ENUM_CONVERSION = YES;
				CLANG_WARN_INFINITE_RECURSION = YES;
				CLANG_WARN_INT_CONVERSION = YES;
				CLANG_WARN_NON_LITERAL_NULL_CONVERSION = YES;
				CLANG_WARN_OBJC_IMPLICIT_RETAIN_SELF = YES;
				CLANG_WARN_OBJC_LITERAL_CONVERSION = YES;
				CLANG_WARN_OBJC_ROOT_CLASS = YES_ERROR;
				CLANG_WARN_RANGE_LOOP_ANALYSIS = YES;
				CLANG_WARN_STRICT_PROTOTYPES = YES;
				CLANG_WARN_SUSPICIOUS_MOVE = YES;
				CLANG_WARN_UNGUARDED_AVAILABILITY = YES_AGGRESSIVE;
				CLANG_WARN_UNREACHABLE_CODE = YES;
				CLANG_WARN__DUPLICATE_METHOD_MATCH = YES;
				CODE_SIGN_IDENTITY = "iPhone Developer";
				COPY_PHASE_STRIP = NO;
				DEBUG_INFORMATION_FORMAT = dwarf;
				ENABLE_STRICT_OBJC_MSGSEND = YES;
				ENABLE_TESTABILITY = YES;
				GCC_C_LANGUAGE_STANDARD = gnu11;
				GCC_DYNAMIC_NO_PIC = NO;
				GCC_NO_COMMON_BLOCKS = YES;
				GCC_OPTIMIZATION_LEVEL = 0;
				GCC_PREPROCESSOR_DEFINITIONS = (
					"DEBUG=1",
					"$(inherited)",
				);
				GCC_WARN_64_TO_32_BIT_CONVERSION = YES;
				GCC_WARN_ABOUT_RETURN_TYPE = YES_ERROR;
				GCC_WARN_UNDECLARED_SELECTOR = YES;
				GCC_WARN_UNINITIALIZED_AUTOS = YES_AGGRESSIVE;
				GCC_WARN_UNUSED_FUNCTION = YES;
				GCC_WARN_UNUSED_VARIABLE = YES;
				IPHONEOS_DEPLOYMENT_TARGET = 9.3;
				MTL_ENABLE_DEBUG_INFO = YES;
				ONLY_ACTIVE_ARCH = YES;
				SDKROOT = iphoneos;
				SWIFT_ACTIVE_COMPILATION_CONDITIONS = DEBUG;
				SWIFT_OPTIMIZATION_LEVEL = "-Onone";
			};
			name = Debug;
		};
		9B265AF52087AAB100DB540B /* Release */ = {
			isa = XCBuildConfiguration;
			buildSettings = {
				ALWAYS_SEARCH_USER_PATHS = NO;
				CLANG_ANALYZER_NONNULL = YES;
				CLANG_ANALYZER_NUMBER_OBJECT_CONVERSION = YES_AGGRESSIVE;
				CLANG_CXX_LANGUAGE_STANDARD = "gnu++14";
				CLANG_CXX_LIBRARY = "libc++";
				CLANG_ENABLE_MODULES = YES;
				CLANG_ENABLE_OBJC_ARC = YES;
				CLANG_WARN_BLOCK_CAPTURE_AUTORELEASING = YES;
				CLANG_WARN_BOOL_CONVERSION = YES;
				CLANG_WARN_COMMA = YES;
				CLANG_WARN_CONSTANT_CONVERSION = YES;
				CLANG_WARN_DEPRECATED_OBJC_IMPLEMENTATIONS = YES;
				CLANG_WARN_DIRECT_OBJC_ISA_USAGE = YES_ERROR;
				CLANG_WARN_DOCUMENTATION_COMMENTS = YES;
				CLANG_WARN_EMPTY_BODY = YES;
				CLANG_WARN_ENUM_CONVERSION = YES;
				CLANG_WARN_INFINITE_RECURSION = YES;
				CLANG_WARN_INT_CONVERSION = YES;
				CLANG_WARN_NON_LITERAL_NULL_CONVERSION = YES;
				CLANG_WARN_OBJC_IMPLICIT_RETAIN_SELF = YES;
				CLANG_WARN_OBJC_LITERAL_CONVERSION = YES;
				CLANG_WARN_OBJC_ROOT_CLASS = YES_ERROR;
				CLANG_WARN_RANGE_LOOP_ANALYSIS = YES;
				CLANG_WARN_STRICT_PROTOTYPES = YES;
				CLANG_WARN_SUSPICIOUS_MOVE = YES;
				CLANG_WARN_UNGUARDED_AVAILABILITY = YES_AGGRESSIVE;
				CLANG_WARN_UNREACHABLE_CODE = YES;
				CLANG_WARN__DUPLICATE_METHOD_MATCH = YES;
				CODE_SIGN_IDENTITY = "iPhone Developer";
				COPY_PHASE_STRIP = NO;
				DEBUG_INFORMATION_FORMAT = "dwarf-with-dsym";
				ENABLE_NS_ASSERTIONS = NO;
				ENABLE_STRICT_OBJC_MSGSEND = YES;
				GCC_C_LANGUAGE_STANDARD = gnu11;
				GCC_NO_COMMON_BLOCKS = YES;
				GCC_WARN_64_TO_32_BIT_CONVERSION = YES;
				GCC_WARN_ABOUT_RETURN_TYPE = YES_ERROR;
				GCC_WARN_UNDECLARED_SELECTOR = YES;
				GCC_WARN_UNINITIALIZED_AUTOS = YES_AGGRESSIVE;
				GCC_WARN_UNUSED_FUNCTION = YES;
				GCC_WARN_UNUSED_VARIABLE = YES;
				IPHONEOS_DEPLOYMENT_TARGET = 9.3;
				MTL_ENABLE_DEBUG_INFO = NO;
				SDKROOT = iphoneos;
				SWIFT_OPTIMIZATION_LEVEL = "-Owholemodule";
				VALIDATE_PRODUCT = YES;
			};
			name = Release;
		};
		9B265AF72087AAB100DB540B /* Debug */ = {
			isa = XCBuildConfiguration;
			buildSettings = {
				ASSETCATALOG_COMPILER_APPICON_NAME = AppIcon;
				CODE_SIGN_STYLE = Automatic;
				DEVELOPMENT_TEAM = D95EZ83BDJ;
				INFOPLIST_FILE = SpaceTravel/Info.plist;
				LD_RUNPATH_SEARCH_PATHS = "$(inherited) @executable_path/Frameworks";
				PRODUCT_BUNDLE_IDENTIFIER = com.erdos.spaceTravel;
				PRODUCT_NAME = "$(TARGET_NAME)";
				SWIFT_VERSION = 4.0;
				TARGETED_DEVICE_FAMILY = "1,2";
			};
			name = Debug;
		};
		9B265AF82087AAB100DB540B /* Release */ = {
			isa = XCBuildConfiguration;
			buildSettings = {
				ASSETCATALOG_COMPILER_APPICON_NAME = AppIcon;
				CODE_SIGN_STYLE = Automatic;
				DEVELOPMENT_TEAM = D95EZ83BDJ;
				INFOPLIST_FILE = SpaceTravel/Info.plist;
				LD_RUNPATH_SEARCH_PATHS = "$(inherited) @executable_path/Frameworks";
				PRODUCT_BUNDLE_IDENTIFIER = com.erdos.spaceTravel;
				PRODUCT_NAME = "$(TARGET_NAME)";
				SWIFT_VERSION = 4.0;
				TARGETED_DEVICE_FAMILY = "1,2";
			};
			name = Release;
		};
/* End XCBuildConfiguration section */

/* Begin XCConfigurationList section */
		9B265ADF2087AAB100DB540B /* Build configuration list for PBXProject "SpaceTravel" */ = {
			isa = XCConfigurationList;
			buildConfigurations = (
				9B265AF42087AAB100DB540B /* Debug */,
				9B265AF52087AAB100DB540B /* Release */,
			);
			defaultConfigurationIsVisible = 0;
			defaultConfigurationName = Release;
		};
		9B265AF62087AAB100DB540B /* Build configuration list for PBXNativeTarget "SpaceTravel" */ = {
			isa = XCConfigurationList;
			buildConfigurations = (
				9B265AF72087AAB100DB540B /* Debug */,
				9B265AF82087AAB100DB540B /* Release */,
			);
			defaultConfigurationIsVisible = 0;
			defaultConfigurationName = Release;
		};
/* End XCConfigurationList section */
	};
	rootObject = 9B265ADC2087AAB100DB540B /* Project object */;
}
